// !$*UTF8*$!
{
	archiveVersion = 1;
	classes = {
	};
	objectVersion = 50;
	objects = {

/* Begin PBXBuildFile section */
		7606D33224D7F4D400C7AE2F /* AppDelegate.swift in Sources */ = {isa = PBXBuildFile; fileRef = 7606D33124D7F4D400C7AE2F /* AppDelegate.swift */; };
		7606D33424D7F4D400C7AE2F /* SceneDelegate.swift in Sources */ = {isa = PBXBuildFile; fileRef = 7606D33324D7F4D400C7AE2F /* SceneDelegate.swift */; };
		7606D33624D7F4D400C7AE2F /* ViewController.swift in Sources */ = {isa = PBXBuildFile; fileRef = 7606D33524D7F4D400C7AE2F /* ViewController.swift */; };
		7606D33924D7F4D400C7AE2F /* Main.storyboard in Resources */ = {isa = PBXBuildFile; fileRef = 7606D33724D7F4D400C7AE2F /* Main.storyboard */; };
		7606D33B24D7F4D600C7AE2F /* Assets.xcassets in Resources */ = {isa = PBXBuildFile; fileRef = 7606D33A24D7F4D600C7AE2F /* Assets.xcassets */; };
		7606D33E24D7F4D600C7AE2F /* LaunchScreen.storyboard in Resources */ = {isa = PBXBuildFile; fileRef = 7606D33C24D7F4D600C7AE2F /* LaunchScreen.storyboard */; };
/* End PBXBuildFile section */

/* Begin PBXFileReference section */
		7606D32E24D7F4D400C7AE2F /* ZandoLogin.app */ = {isa = PBXFileReference; explicitFileType = wrapper.application; includeInIndex = 0; path = ZandoLogin.app; sourceTree = BUILT_PRODUCTS_DIR; };
		7606D33124D7F4D400C7AE2F /* AppDelegate.swift */ = {isa = PBXFileReference; lastKnownFileType = sourcecode.swift; path = AppDelegate.swift; sourceTree = "<group>"; };
		7606D33324D7F4D400C7AE2F /* SceneDelegate.swift */ = {isa = PBXFileReference; lastKnownFileType = sourcecode.swift; path = SceneDelegate.swift; sourceTree = "<group>"; };
		7606D33524D7F4D400C7AE2F /* ViewController.swift */ = {isa = PBXFileReference; lastKnownFileType = sourcecode.swift; path = ViewController.swift; sourceTree = "<group>"; };
		7606D33824D7F4D400C7AE2F /* Base */ = {isa = PBXFileReference; lastKnownFileType = file.storyboard; name = Base; path = Base.lproj/Main.storyboard; sourceTree = "<group>"; };
		7606D33A24D7F4D600C7AE2F /* Assets.xcassets */ = {isa = PBXFileReference; lastKnownFileType = folder.assetcatalog; path = Assets.xcassets; sourceTree = "<group>"; };
		7606D33D24D7F4D600C7AE2F /* Base */ = {isa = PBXFileReference; lastKnownFileType = file.storyboard; name = Base; path = Base.lproj/LaunchScreen.storyboard; sourceTree = "<group>"; };
		7606D33F24D7F4D600C7AE2F /* Info.plist */ = {isa = PBXFileReference; lastKnownFileType = text.plist.xml; path = Info.plist; sourceTree = "<group>"; };
/* End PBXFileReference section */

/* Begin PBXFrameworksBuildPhase section */
		7606D32B24D7F4D400C7AE2F /* Frameworks */ = {
			isa = PBXFrameworksBuildPhase;
			buildActionMask = 2147483647;
			files = (
			);
			runOnlyForDeploymentPostprocessing = 0;
		};
/* End PBXFrameworksBuildPhase section */

/* Begin PBXGroup section */
		7606D32524D7F4D400C7AE2F = {
			isa = PBXGroup;
			children = (
				7606D33024D7F4D400C7AE2F /* ZandoLogin */,
				7606D32F24D7F4D400C7AE2F /* Products */,
			);
			sourceTree = "<group>";
		};
		7606D32F24D7F4D400C7AE2F /* Products */ = {
			isa = PBXGroup;
			children = (
				7606D32E24D7F4D400C7AE2F /* ZandoLogin.app */,
			);
			name = Products;
			sourceTree = "<group>";
		};
		7606D33024D7F4D400C7AE2F /* ZandoLogin */ = {
			isa = PBXGroup;
			children = (
				7606D33124D7F4D400C7AE2F /* AppDelegate.swift */,
				7606D33324D7F4D400C7AE2F /* SceneDelegate.swift */,
				7606D33524D7F4D400C7AE2F /* ViewController.swift */,
				7606D33724D7F4D400C7AE2F /* Main.storyboard */,
				7606D33A24D7F4D600C7AE2F /* Assets.xcassets */,
				7606D33C24D7F4D600C7AE2F /* LaunchScreen.storyboard */,
				7606D33F24D7F4D600C7AE2F /* Info.plist */,
			);
			path = ZandoLogin;
			sourceTree = "<group>";
		};
/* End PBXGroup section */

/* Begin PBXNativeTarget section */
		7606D32D24D7F4D400C7AE2F /* ZandoLogin */ = {
			isa = PBXNativeTarget;
			buildConfigurationList = 7606D34224D7F4D600C7AE2F /* Build configuration list for PBXNativeTarget "ZandoLogin" */;
			buildPhases = (
				7606D32A24D7F4D400C7AE2F /* Sources */,
				7606D32B24D7F4D400C7AE2F /* Frameworks */,
				7606D32C24D7F4D400C7AE2F /* Resources */,
			);
			buildRules = (
			);
			dependencies = (
			);
			name = ZandoLogin;
			productName = ZandoLogin;
			productReference = 7606D32E24D7F4D400C7AE2F /* ZandoLogin.app */;
			productType = "com.apple.product-type.application";
		};
/* End PBXNativeTarget section */

/* Begin PBXProject section */
		7606D32624D7F4D400C7AE2F /* Project object */ = {
			isa = PBXProject;
			attributes = {
				LastSwiftUpdateCheck = 1130;
				LastUpgradeCheck = 1130;
				ORGANIZATIONNAME = "El nino Cholo";
				TargetAttributes = {
					7606D32D24D7F4D400C7AE2F = {
						CreatedOnToolsVersion = 11.3.1;
					};
				};
			};
			buildConfigurationList = 7606D32924D7F4D400C7AE2F /* Build configuration list for PBXProject "ZandoLogin" */;
			compatibilityVersion = "Xcode 9.3";
			developmentRegion = en;
			hasScannedForEncodings = 0;
			knownRegions = (
				en,
				Base,
			);
			mainGroup = 7606D32524D7F4D400C7AE2F;
			productRefGroup = 7606D32F24D7F4D400C7AE2F /* Products */;
			projectDirPath = "";
			projectRoot = "";
			targets = (
				7606D32D24D7F4D400C7AE2F /* ZandoLogin */,
			);
		};
/* End PBXProject section */

/* Begin PBXResourcesBuildPhase section */
		7606D32C24D7F4D400C7AE2F /* Resources */ = {
			isa = PBXResourcesBuildPhase;
			buildActionMask = 2147483647;
			files = (
				7606D33E24D7F4D600C7AE2F /* LaunchScreen.storyboard in Resources */,
				7606D33B24D7F4D600C7AE2F /* Assets.xcassets in Resources */,
				7606D33924D7F4D400C7AE2F /* Main.storyboard in Resources */,
			);
			runOnlyForDeploymentPostprocessing = 0;
		};
/* End PBXResourcesBuildPhase section */

/* Begin PBXSourcesBuildPhase section */
		7606D32A24D7F4D400C7AE2F /* Sources */ = {
			isa = PBXSourcesBuildPhase;
			buildActionMask = 2147483647;
			files = (
				7606D33624D7F4D400C7AE2F /* ViewController.swift in Sources */,
				7606D33224D7F4D400C7AE2F /* AppDelegate.swift in Sources */,
				7606D33424D7F4D400C7AE2F /* SceneDelegate.swift in Sources */,
			);
			runOnlyForDeploymentPostprocessing = 0;
		};
/* End PBXSourcesBuildPhase section */

/* Begin PBXVariantGroup section */
		7606D33724D7F4D400C7AE2F /* Main.storyboard */ = {
			isa = PBXVariantGroup;
			children = (
				7606D33824D7F4D400C7AE2F /* Base */,
			);
			name = Main.storyboard;
			sourceTree = "<group>";
		};
		7606D33C24D7F4D600C7AE2F /* LaunchScreen.storyboard */ = {
			isa = PBXVariantGroup;
			children = (
				7606D33D24D7F4D600C7AE2F /* Base */,
			);
			name = LaunchScreen.storyboard;
			sourceTree = "<group>";
		};
/* End PBXVariantGroup section */

/* Begin XCBuildConfiguration section */
		7606D34024D7F4D600C7AE2F /* Debug */ = {
			isa = XCBuildConfiguration;
			buildSettings = {
				ALWAYS_SEARCH_USER_PATHS = NO;
				CLANG_ANALYZER_NONNULL = YES;
				CLANG_ANALYZER_NUMBER_OBJECT_CONVERSION = YES_AGGRESSIVE;
				CLANG_CXX_LANGUAGE_STANDARD = "gnu++14";
				CLANG_CXX_LIBRARY = "libc++";
				CLANG_ENABLE_MODULES = YES;
				CLANG_ENABLE_OBJC_ARC = YES;
				CLANG_ENABLE_OBJC_WEAK = YES;
				CLANG_WARN_BLOCK_CAPTURE_AUTORELEASING = YES;
				CLANG_WARN_BOOL_CONVERSION = YES;
				CLANG_WARN_COMMA = YES;
				CLANG_WARN_CONSTANT_CONVERSION = YES;
				CLANG_WARN_DEPRECATED_OBJC_IMPLEMENTATIONS = YES;
				CLANG_WARN_DIRECT_OBJC_ISA_USAGE = YES_ERROR;
				CLANG_WARN_DOCUMENTATION_COMMENTS = YES;
				CLANG_WARN_EMPTY_BODY = YES;
				CLANG_WARN_ENUM_CONVERSION = YES;
				CLANG_WARN_INFINITE_RECURSION = YES;
				CLANG_WARN_INT_CONVERSION = YES;
				CLANG_WARN_NON_LITERAL_NULL_CONVERSION = YES;
				CLANG_WARN_OBJC_IMPLICIT_RETAIN_SELF = YES;
				CLANG_WARN_OBJC_LITERAL_CONVERSION = YES;
				CLANG_WARN_OBJC_ROOT_CLASS = YES_ERROR;
				CLANG_WARN_RANGE_LOOP_ANALYSIS = YES;
				CLANG_WARN_STRICT_PROTOTYPES = YES;
				CLANG_WARN_SUSPICIOUS_MOVE = YES;
				CLANG_WARN_UNGUARDED_AVAILABILITY = YES_AGGRESSIVE;
				CLANG_WARN_UNREACHABLE_CODE = YES;
				CLANG_WARN__DUPLICATE_METHOD_MATCH = YES;
				COPY_PHASE_STRIP = NO;
				DEBUG_INFORMATION_FORMAT = dwarf;
				ENABLE_STRICT_OBJC_MSGSEND = YES;
				ENABLE_TESTABILITY = YES;
				GCC_C_LANGUAGE_STANDARD = gnu11;
				GCC_DYNAMIC_NO_PIC = NO;
				GCC_NO_COMMON_BLOCKS = YES;
				GCC_OPTIMIZATION_LEVEL = 0;
				GCC_PREPROCESSOR_DEFINITIONS = (
					"DEBUG=1",
					"$(inherited)",
				);
				GCC_WARN_64_TO_32_BIT_CONVERSION = YES;
				GCC_WARN_ABOUT_RETURN_TYPE = YES_ERROR;
				GCC_WARN_UNDECLARED_SELECTOR = YES;
				GCC_WARN_UNINITIALIZED_AUTOS = YES_AGGRESSIVE;
				GCC_WARN_UNUSED_FUNCTION = YES;
				GCC_WARN_UNUSED_VARIABLE = YES;
				IPHONEOS_DEPLOYMENT_TARGET = 13.2;
				MTL_ENABLE_DEBUG_INFO = INCLUDE_SOURCE;
				MTL_FAST_MATH = YES;
				ONLY_ACTIVE_ARCH = YES;
				SDKROOT = iphoneos;
				SWIFT_ACTIVE_COMPILATION_CONDITIONS = DEBUG;
				SWIFT_OPTIMIZATION_LEVEL = "-Onone";
			};
			name = Debug;
		};
		7606D34124D7F4D600C7AE2F /* Release */ = {
			isa = XCBuildConfiguration;
			buildSettings = {
				ALWAYS_SEARCH_USER_PATHS = NO;
				CLANG_ANALYZER_NONNULL = YES;
				CLANG_ANALYZER_NUMBER_OBJECT_CONVERSION = YES_AGGRESSIVE;
				CLANG_CXX_LANGUAGE_STANDARD = "gnu++14";
				CLANG_CXX_LIBRARY = "libc++";
				CLANG_ENABLE_MODULES = YES;
				CLANG_ENABLE_OBJC_ARC = YES;
				CLANG_ENABLE_OBJC_WEAK = YES;
				CLANG_WARN_BLOCK_CAPTURE_AUTORELEASING = YES;
				CLANG_WARN_BOOL_CONVERSION = YES;
				CLANG_WARN_COMMA = YES;
				CLANG_WARN_CONSTANT_CONVERSION = YES;
				CLANG_WARN_DEPRECATED_OBJC_IMPLEMENTATIONS = YES;
				CLANG_WARN_DIRECT_OBJC_ISA_USAGE = YES_ERROR;
				CLANG_WARN_DOCUMENTATION_COMMENTS = YES;
				CLANG_WARN_EMPTY_BODY = YES;
				CLANG_WARN_ENUM_CONVERSION = YES;
				CLANG_WARN_INFINITE_RECURSION = YES;
				CLANG_WARN_INT_CONVERSION = YES;
				CLANG_WARN_NON_LITERAL_NULL_CONVERSION = YES;
				CLANG_WARN_OBJC_IMPLICIT_RETAIN_SELF = YES;
				CLANG_WARN_OBJC_LITERAL_CONVERSION = YES;
				CLANG_WARN_OBJC_ROOT_CLASS = YES_ERROR;
				CLANG_WARN_RANGE_LOOP_ANALYSIS = YES;
				CLANG_WARN_STRICT_PROTOTYPES = YES;
				CLANG_WARN_SUSPICIOUS_MOVE = YES;
				CLANG_WARN_UNGUARDED_AVAILABILITY = YES_AGGRESSIVE;
				CLANG_WARN_UNREACHABLE_CODE = YES;
				CLANG_WARN__DUPLICATE_METHOD_MATCH = YES;
				COPY_PHASE_STRIP = NO;
				DEBUG_INFORMATION_FORMAT = "dwarf-with-dsym";
				ENABLE_NS_ASSERTIONS = NO;
				ENABLE_STRICT_OBJC_MSGSEND = YES;
				GCC_C_LANGUAGE_STANDARD = gnu11;
				GCC_NO_COMMON_BLOCKS = YES;
				GCC_WARN_64_TO_32_BIT_CONVERSION = YES;
				GCC_WARN_ABOUT_RETURN_TYPE = YES_ERROR;
				GCC_WARN_UNDECLARED_SELECTOR = YES;
				GCC_WARN_UNINITIALIZED_AUTOS = YES_AGGRESSIVE;
				GCC_WARN_UNUSED_FUNCTION = YES;
				GCC_WARN_UNUSED_VARIABLE = YES;
				IPHONEOS_DEPLOYMENT_TARGET = 13.2;
				MTL_ENABLE_DEBUG_INFO = NO;
				MTL_FAST_MATH = YES;
				SDKROOT = iphoneos;
				SWIFT_COMPILATION_MODE = wholemodule;
				SWIFT_OPTIMIZATION_LEVEL = "-O";
				VALIDATE_PRODUCT = YES;
			};
			name = Release;
		};
		7606D34324D7F4D600C7AE2F /* Debug */ = {
			isa = XCBuildConfiguration;
			buildSettings = {
				ASSETCATALOG_COMPILER_APPICON_NAME = AppIcon;
				CODE_SIGN_STYLE = Automatic;
				DEVELOPMENT_TEAM = SH48NLQR9Y;
				INFOPLIST_FILE = ZandoLogin/Info.plist;
				LD_RUNPATH_SEARCH_PATHS = (
					"$(inherited)",
					"@executable_path/Frameworks",
				);
				PRODUCT_BUNDLE_IDENTIFIER = zando.ZandoLogin;
				PRODUCT_NAME = "$(TARGET_NAME)";
				SWIFT_VERSION = 5.0;
				TARGETED_DEVICE_FAMILY = "1,2";
			};
			name = Debug;
		};
		7606D34424D7F4D600C7AE2F /* Release */ = {
			isa = XCBuildConfiguration;
			buildSettings = {
				ASSETCATALOG_COMPILER_APPICON_NAME = AppIcon;
				CODE_SIGN_STYLE = Automatic;
				DEVELOPMENT_TEAM = SH48NLQR9Y;
				INFOPLIST_FILE = ZandoLogin/Info.plist;
				LD_RUNPATH_SEARCH_PATHS = (
					"$(inherited)",
					"@executable_path/Frameworks",
				);
				PRODUCT_BUNDLE_IDENTIFIER = zando.ZandoLogin;
				PRODUCT_NAME = "$(TARGET_NAME)";
				SWIFT_VERSION = 5.0;
				TARGETED_DEVICE_FAMILY = "1,2";
			};
			name = Release;
		};
/* End XCBuildConfiguration section */

/* Begin XCConfigurationList section */
		7606D32924D7F4D400C7AE2F /* Build configuration list for PBXProject "ZandoLogin" */ = {
			isa = XCConfigurationList;
			buildConfigurations = (
				7606D34024D7F4D600C7AE2F /* Debug */,
				7606D34124D7F4D600C7AE2F /* Release */,
			);
			defaultConfigurationIsVisible = 0;
			defaultConfigurationName = Release;
		};
		7606D34224D7F4D600C7AE2F /* Build configuration list for PBXNativeTarget "ZandoLogin" */ = {
			isa = XCConfigurationList;
			buildConfigurations = (
				7606D34324D7F4D600C7AE2F /* Debug */,
				7606D34424D7F4D600C7AE2F /* Release */,
			);
			defaultConfigurationIsVisible = 0;
			defaultConfigurationName = Release;
		};
/* End XCConfigurationList section */
	};
	rootObject = 7606D32624D7F4D400C7AE2F /* Project object */;
}
